
Microsoft Visual Studio Solution File, Format Version 12.00
# Visual Studio Version 17
VisualStudioVersion = 17.9.34723.18
MinimumVisualStudioVersion = 10.0.40219.1
Project("{FAE04EC0-301F-11D3-BF4B-00C04F79EFBC}") = "ApiLabb3", "ApiLabb3.csproj", "{F9157431-3689-4C66-B451-A9E9F020BBC9}"
EndProject
Global
	GlobalSection(SolutionConfigurationPlatforms) = preSolution
		Debug|Any CPU = Debug|Any CPU
		Release|Any CPU = Release|Any CPU
	EndGlobalSection
	GlobalSection(ProjectConfigurationPlatforms) = postSolution
		{F9157431-3689-4C66-B451-A9E9F020BBC9}.Debug|Any CPU.ActiveCfg = Debug|Any CPU
		{F9157431-3689-4C66-B451-A9E9F020BBC9}.Debug|Any CPU.Build.0 = Debug|Any CPU
		{F9157431-3689-4C66-B451-A9E9F020BBC9}.Release|Any CPU.ActiveCfg = Release|Any CPU
		{F9157431-3689-4C66-B451-A9E9F020BBC9}.Release|Any CPU.Build.0 = Release|Any CPU
	EndGlobalSection
	GlobalSection(SolutionProperties) = preSolution
		HideSolutionNode = FALSE
	EndGlobalSection
	GlobalSection(ExtensibilityGlobals) = postSolution
		SolutionGuid = {77A737D7-F9BB-45A1-934D-3FF0A6B5133F}
	EndGlobalSection
EndGlobal
